github.com/blang/semver v3.5.1+incompatible h1:cQNTCjp13qL8KC3Nbxr/y2Bqb63oX6wdnnjpJbkM4JQ=
github.com/blang/semver v3.5.1+incompatible/go.mod h1:kRBLl5iJ+tD4TcOOxsy/0fnwebNt5EWlYSAyrTnjyyk=
github.com/google/go-cmp v0.5.2/go.mod h1:v8dTdLbMG2kIc/vJvl+f65V22dbkXbowE6jgT/gNBxE=
github.com/google/go-cmp v0.6.0 h1:ofyhxvXcZhMsU5ulbFiLKl/XBFqE1GSq7atu8tAmTRI=
github.com/google/go-cmp v0.6.0/go.mod h1:17dUlkBOakJ0+DkrSSNjCkIjxS6bF9zb3elmeNGIjoY=
github.com/google/go-github/v59 v59.0.0 h1:7h6bgpF5as0YQLLkEiVqpgtJqjimMYhBkD4jT5aN3VA=
github.com/google/go-github/v59 v59.0.0/go.mod h1:rJU4R0rQHFVFDOkqGWxfLNo6vEk4dv40oDjhV/gH6wM=
github.com/google/go-querystring v1.1.0 h1:AnCroh3fv4ZBgVIf1Iwtovgjaw/GiKJo8M8yD/fhyJ8=
github.com/google/go-querystring v1.1.0/go.mod h1:Kcdr2DB4koayq7X8pmAG4sNG59So17icRSOU623lUBU=
github.com/shurcooL/githubv4 v0.0.0-20240120211514-18a1ae0e79dc h1:vH0NQbIDk+mJLvBliNGfcQgUmhlniWBDXC79oRxfZA0=
github.com/shurcooL/githubv4 v0.0.0-20240120211514-18a1ae0e79dc/go.mod h1:zqMwyHmnN/eDOZOdiTohqIUKUrTFX62PNlu7IJdu0q8=
github.com/shurcooL/graphql v0.0.0-20230722043721-ed46e5a46466 h1:17JxqqJY66GmZVHkmAsGEkcIu0oCe3AM420QDgGwZx0=
github.com/shurcooL/graphql v0.0.0-20230722043721-ed46e5a46466/go.mod h1:9dIRpgIY7hVhoqfe0/FcYp0bpInZaT7dc3BYOprrIUE=
golang.org/x/oauth2 v0.27.0 h1:da9Vo7/tDv5RH/7nZDz1eMGS/q1Vv1N/7FCrBhI9I3M=
golang.org/x/oauth2 v0.27.0/go.mod h1:onh5ek6nERTohokkhCD/y2cV4Do3fxFHFuAejCkRWT8=
golang.org/x/xerrors v0.0.0-20191204190536-9bdfabe68543/go.mod h1:I/5z698sn9Ka8TeJc9MKroUUfqBBauWjQqLJ2OPfmY0=
